
Microsoft Visual Studio Solution File, Format Version 12.00
# Visual Studio 15
VisualStudioVersion = 15.0.27428.2043
MinimumVisualStudioVersion = 10.0.40219.1
Project("{FAE04EC0-301F-11D3-BF4B-00C04F79EFBC}") = "NumberGuess", "NumberGuess\NumberGuess.csproj", "{29559F01-0438-46C3-A51E-F35B90F89CF0}"
EndProject
Global
	GlobalSection(SolutionConfigurationPlatforms) = preSolution
		Debug|Any CPU = Debug|Any CPU
		Release|Any CPU = Release|Any CPU
	EndGlobalSection
	GlobalSection(ProjectConfigurationPlatforms) = postSolution
		{29559F01-0438-46C3-A51E-F35B90F89CF0}.Debug|Any CPU.ActiveCfg = Debug|Any CPU
		{29559F01-0438-46C3-A51E-F35B90F89CF0}.Debug|Any CPU.Build.0 = Debug|Any CPU
		{29559F01-0438-46C3-A51E-F35B90F89CF0}.Release|Any CPU.ActiveCfg = Release|Any CPU
		{29559F01-0438-46C3-A51E-F35B90F89CF0}.Release|Any CPU.Build.0 = Release|Any CPU
	EndGlobalSection
	GlobalSection(SolutionProperties) = preSolution
		HideSolutionNode = FALSE
	EndGlobalSection
	GlobalSection(ExtensibilityGlobals) = postSolution
		SolutionGuid = {80D7ABCB-926D-42F2-9377-038C51C110DF}
	EndGlobalSection
EndGlobal
